// !$*UTF8*$!
{
	archiveVersion = 1;
	classes = {
	};
	objectVersion = 50;
	objects = {

/* Begin PBXBuildFile section */
		3978E0EE21C972BF0067E108 /* CalculateViewController.swift in Sources */ = {isa = PBXBuildFile; fileRef = 3978E0ED21C972BF0067E108 /* CalculateViewController.swift */; };
		3983BC2B21C18CEE007279D2 /* AppDelegate.swift in Sources */ = {isa = PBXBuildFile; fileRef = 3983BC2A21C18CEE007279D2 /* AppDelegate.swift */; };
		3983BC2D21C18CEE007279D2 /* ViewController.swift in Sources */ = {isa = PBXBuildFile; fileRef = 3983BC2C21C18CEE007279D2 /* ViewController.swift */; };
		3983BC3021C18CEE007279D2 /* Main.storyboard in Resources */ = {isa = PBXBuildFile; fileRef = 3983BC2E21C18CEE007279D2 /* Main.storyboard */; };
		3983BC3221C18CEF007279D2 /* Assets.xcassets in Resources */ = {isa = PBXBuildFile; fileRef = 3983BC3121C18CEF007279D2 /* Assets.xcassets */; };
		3983BC3521C18CEF007279D2 /* LaunchScreen.storyboard in Resources */ = {isa = PBXBuildFile; fileRef = 3983BC3321C18CEF007279D2 /* LaunchScreen.storyboard */; };
		3983BC4021C18CEF007279D2 /* Final1Tests.swift in Sources */ = {isa = PBXBuildFile; fileRef = 3983BC3F21C18CEF007279D2 /* Final1Tests.swift */; };
		3983BC4B21C18CEF007279D2 /* Final1UITests.swift in Sources */ = {isa = PBXBuildFile; fileRef = 3983BC4A21C18CEF007279D2 /* Final1UITests.swift */; };
		3983BC5921C18D71007279D2 /* NumbersViewController.swift in Sources */ = {isa = PBXBuildFile; fileRef = 3983BC5821C18D71007279D2 /* NumbersViewController.swift */; };
		3983BC5B21C18D7D007279D2 /* OperatorsViewController.swift in Sources */ = {isa = PBXBuildFile; fileRef = 3983BC5A21C18D7D007279D2 /* OperatorsViewController.swift */; };
/* End PBXBuildFile section */

/* Begin PBXContainerItemProxy section */
		3983BC3C21C18CEF007279D2 /* PBXContainerItemProxy */ = {
			isa = PBXContainerItemProxy;
			containerPortal = 3983BC1F21C18CEE007279D2 /* Project object */;
			proxyType = 1;
			remoteGlobalIDString = 3983BC2621C18CEE007279D2;
			remoteInfo = Final1;
		};
		3983BC4721C18CEF007279D2 /* PBXContainerItemProxy */ = {
			isa = PBXContainerItemProxy;
			containerPortal = 3983BC1F21C18CEE007279D2 /* Project object */;
			proxyType = 1;
			remoteGlobalIDString = 3983BC2621C18CEE007279D2;
			remoteInfo = Final1;
		};
/* End PBXContainerItemProxy section */

/* Begin PBXFileReference section */
		3978E0ED21C972BF0067E108 /* CalculateViewController.swift */ = {isa = PBXFileReference; lastKnownFileType = sourcecode.swift; path = CalculateViewController.swift; sourceTree = "<group>"; };
		3983BC2721C18CEE007279D2 /* Final1.app */ = {isa = PBXFileReference; explicitFileType = wrapper.application; includeInIndex = 0; path = Final1.app; sourceTree = BUILT_PRODUCTS_DIR; };
		3983BC2A21C18CEE007279D2 /* AppDelegate.swift */ = {isa = PBXFileReference; lastKnownFileType = sourcecode.swift; path = AppDelegate.swift; sourceTree = "<group>"; };
		3983BC2C21C18CEE007279D2 /* ViewController.swift */ = {isa = PBXFileReference; lastKnownFileType = sourcecode.swift; path = ViewController.swift; sourceTree = "<group>"; };
		3983BC2F21C18CEE007279D2 /* Base */ = {isa = PBXFileReference; lastKnownFileType = file.storyboard; name = Base; path = Base.lproj/Main.storyboard; sourceTree = "<group>"; };
		3983BC3121C18CEF007279D2 /* Assets.xcassets */ = {isa = PBXFileReference; lastKnownFileType = folder.assetcatalog; path = Assets.xcassets; sourceTree = "<group>"; };
		3983BC3421C18CEF007279D2 /* Base */ = {isa = PBXFileReference; lastKnownFileType = file.storyboard; name = Base; path = Base.lproj/LaunchScreen.storyboard; sourceTree = "<group>"; };
		3983BC3621C18CEF007279D2 /* Info.plist */ = {isa = PBXFileReference; lastKnownFileType = text.plist.xml; path = Info.plist; sourceTree = "<group>"; };
		3983BC3B21C18CEF007279D2 /* Final1Tests.xctest */ = {isa = PBXFileReference; explicitFileType = wrapper.cfbundle; includeInIndex = 0; path = Final1Tests.xctest; sourceTree = BUILT_PRODUCTS_DIR; };
		3983BC3F21C18CEF007279D2 /* Final1Tests.swift */ = {isa = PBXFileReference; lastKnownFileType = sourcecode.swift; path = Final1Tests.swift; sourceTree = "<group>"; };
		3983BC4121C18CEF007279D2 /* Info.plist */ = {isa = PBXFileReference; lastKnownFileType = text.plist.xml; path = Info.plist; sourceTree = "<group>"; };
		3983BC4621C18CEF007279D2 /* Final1UITests.xctest */ = {isa = PBXFileReference; explicitFileType = wrapper.cfbundle; includeInIndex = 0; path = Final1UITests.xctest; sourceTree = BUILT_PRODUCTS_DIR; };
		3983BC4A21C18CEF007279D2 /* Final1UITests.swift */ = {isa = PBXFileReference; lastKnownFileType = sourcecode.swift; path = Final1UITests.swift; sourceTree = "<group>"; };
		3983BC4C21C18CEF007279D2 /* Info.plist */ = {isa = PBXFileReference; lastKnownFileType = text.plist.xml; path = Info.plist; sourceTree = "<group>"; };
		3983BC5821C18D71007279D2 /* NumbersViewController.swift */ = {isa = PBXFileReference; lastKnownFileType = sourcecode.swift; path = NumbersViewController.swift; sourceTree = "<group>"; };
		3983BC5A21C18D7D007279D2 /* OperatorsViewController.swift */ = {isa = PBXFileReference; lastKnownFileType = sourcecode.swift; path = OperatorsViewController.swift; sourceTree = "<group>"; };
/* End PBXFileReference section */

/* Begin PBXFrameworksBuildPhase section */
		3983BC2421C18CEE007279D2 /* Frameworks */ = {
			isa = PBXFrameworksBuildPhase;
			buildActionMask = 2147483647;
			files = (
			);
			runOnlyForDeploymentPostprocessing = 0;
		};
		3983BC3821C18CEF007279D2 /* Frameworks */ = {
			isa = PBXFrameworksBuildPhase;
			buildActionMask = 2147483647;
			files = (
			);
			runOnlyForDeploymentPostprocessing = 0;
		};
		3983BC4321C18CEF007279D2 /* Frameworks */ = {
			isa = PBXFrameworksBuildPhase;
			buildActionMask = 2147483647;
			files = (
			);
			runOnlyForDeploymentPostprocessing = 0;
		};
/* End PBXFrameworksBuildPhase section */

/* Begin PBXGroup section */
		3983BC1E21C18CEE007279D2 = {
			isa = PBXGroup;
			children = (
				3983BC2921C18CEE007279D2 /* Final1 */,
				3983BC3E21C18CEF007279D2 /* Final1Tests */,
				3983BC4921C18CEF007279D2 /* Final1UITests */,
				3983BC2821C18CEE007279D2 /* Products */,
			);
			sourceTree = "<group>";
		};
		3983BC2821C18CEE007279D2 /* Products */ = {
			isa = PBXGroup;
			children = (
				3983BC2721C18CEE007279D2 /* Final1.app */,
				3983BC3B21C18CEF007279D2 /* Final1Tests.xctest */,
				3983BC4621C18CEF007279D2 /* Final1UITests.xctest */,
			);
			name = Products;
			sourceTree = "<group>";
		};
		3983BC2921C18CEE007279D2 /* Final1 */ = {
			isa = PBXGroup;
			children = (
				3983BC2A21C18CEE007279D2 /* AppDelegate.swift */,
				3983BC5821C18D71007279D2 /* NumbersViewController.swift */,
				3983BC5A21C18D7D007279D2 /* OperatorsViewController.swift */,
				3983BC2C21C18CEE007279D2 /* ViewController.swift */,
				3978E0ED21C972BF0067E108 /* CalculateViewController.swift */,
				3983BC2E21C18CEE007279D2 /* Main.storyboard */,
				3983BC3121C18CEF007279D2 /* Assets.xcassets */,
				3983BC3321C18CEF007279D2 /* LaunchScreen.storyboard */,
				3983BC3621C18CEF007279D2 /* Info.plist */,
			);
			path = Final1;
			sourceTree = "<group>";
		};
		3983BC3E21C18CEF007279D2 /* Final1Tests */ = {
			isa = PBXGroup;
			children = (
				3983BC3F21C18CEF007279D2 /* Final1Tests.swift */,
				3983BC4121C18CEF007279D2 /* Info.plist */,
			);
			path = Final1Tests;
			sourceTree = "<group>";
		};
		3983BC4921C18CEF007279D2 /* Final1UITests */ = {
			isa = PBXGroup;
			children = (
				3983BC4A21C18CEF007279D2 /* Final1UITests.swift */,
				3983BC4C21C18CEF007279D2 /* Info.plist */,
			);
			path = Final1UITests;
			sourceTree = "<group>";
		};
/* End PBXGroup section */

/* Begin PBXNativeTarget section */
		3983BC2621C18CEE007279D2 /* Final1 */ = {
			isa = PBXNativeTarget;
			buildConfigurationList = 3983BC4F21C18CEF007279D2 /* Build configuration list for PBXNativeTarget "Final1" */;
			buildPhases = (
				3983BC2321C18CEE007279D2 /* Sources */,
				3983BC2421C18CEE007279D2 /* Frameworks */,
				3983BC2521C18CEE007279D2 /* Resources */,
			);
			buildRules = (
			);
			dependencies = (
			);
			name = Final1;
			productName = Final1;
			productReference = 3983BC2721C18CEE007279D2 /* Final1.app */;
			productType = "com.apple.product-type.application";
		};
		3983BC3A21C18CEF007279D2 /* Final1Tests */ = {
			isa = PBXNativeTarget;
			buildConfigurationList = 3983BC5221C18CEF007279D2 /* Build configuration list for PBXNativeTarget "Final1Tests" */;
			buildPhases = (
				3983BC3721C18CEF007279D2 /* Sources */,
				3983BC3821C18CEF007279D2 /* Frameworks */,
				3983BC3921C18CEF007279D2 /* Resources */,
			);
			buildRules = (
			);
			dependencies = (
				3983BC3D21C18CEF007279D2 /* PBXTargetDependency */,
			);
			name = Final1Tests;
			productName = Final1Tests;
			productReference = 3983BC3B21C18CEF007279D2 /* Final1Tests.xctest */;
			productType = "com.apple.product-type.bundle.unit-test";
		};
		3983BC4521C18CEF007279D2 /* Final1UITests */ = {
			isa = PBXNativeTarget;
			buildConfigurationList = 3983BC5521C18CEF007279D2 /* Build configuration list for PBXNativeTarget "Final1UITests" */;
			buildPhases = (
				3983BC4221C18CEF007279D2 /* Sources */,
				3983BC4321C18CEF007279D2 /* Frameworks */,
				3983BC4421C18CEF007279D2 /* Resources */,
			);
			buildRules = (
			);
			dependencies = (
				3983BC4821C18CEF007279D2 /* PBXTargetDependency */,
			);
			name = Final1UITests;
			productName = Final1UITests;
			productReference = 3983BC4621C18CEF007279D2 /* Final1UITests.xctest */;
			productType = "com.apple.product-type.bundle.ui-testing";
		};
/* End PBXNativeTarget section */

/* Begin PBXProject section */
		3983BC1F21C18CEE007279D2 /* Project object */ = {
			isa = PBXProject;
			attributes = {
				LastSwiftUpdateCheck = 1010;
				LastUpgradeCheck = 1010;
				ORGANIZATIONNAME = "Abhinav Pappu";
				TargetAttributes = {
					3983BC2621C18CEE007279D2 = {
						CreatedOnToolsVersion = 10.1;
					};
					3983BC3A21C18CEF007279D2 = {
						CreatedOnToolsVersion = 10.1;
						TestTargetID = 3983BC2621C18CEE007279D2;
					};
					3983BC4521C18CEF007279D2 = {
						CreatedOnToolsVersion = 10.1;
						TestTargetID = 3983BC2621C18CEE007279D2;
					};
				};
			};
			buildConfigurationList = 3983BC2221C18CEE007279D2 /* Build configuration list for PBXProject "Final1" */;
			compatibilityVersion = "Xcode 9.3";
			developmentRegion = en;
			hasScannedForEncodings = 0;
			knownRegions = (
				en,
				Base,
			);
			mainGroup = 3983BC1E21C18CEE007279D2;
			productRefGroup = 3983BC2821C18CEE007279D2 /* Products */;
			projectDirPath = "";
			projectRoot = "";
			targets = (
				3983BC2621C18CEE007279D2 /* Final1 */,
				3983BC3A21C18CEF007279D2 /* Final1Tests */,
				3983BC4521C18CEF007279D2 /* Final1UITests */,
			);
		};
/* End PBXProject section */

/* Begin PBXResourcesBuildPhase section */
		3983BC2521C18CEE007279D2 /* Resources */ = {
			isa = PBXResourcesBuildPhase;
			buildActionMask = 2147483647;
			files = (
				3983BC3521C18CEF007279D2 /* LaunchScreen.storyboard in Resources */,
				3983BC3221C18CEF007279D2 /* Assets.xcassets in Resources */,
				3983BC3021C18CEE007279D2 /* Main.storyboard in Resources */,
			);
			runOnlyForDeploymentPostprocessing = 0;
		};
		3983BC3921C18CEF007279D2 /* Resources */ = {
			isa = PBXResourcesBuildPhase;
			buildActionMask = 2147483647;
			files = (
			);
			runOnlyForDeploymentPostprocessing = 0;
		};
		3983BC4421C18CEF007279D2 /* Resources */ = {
			isa = PBXResourcesBuildPhase;
			buildActionMask = 2147483647;
			files = (
			);
			runOnlyForDeploymentPostprocessing = 0;
		};
/* End PBXResourcesBuildPhase section */

/* Begin PBXSourcesBuildPhase section */
		3983BC2321C18CEE007279D2 /* Sources */ = {
			isa = PBXSourcesBuildPhase;
			buildActionMask = 2147483647;
			files = (
				3983BC5921C18D71007279D2 /* NumbersViewController.swift in Sources */,
				3983BC2D21C18CEE007279D2 /* ViewController.swift in Sources */,
				3983BC5B21C18D7D007279D2 /* OperatorsViewController.swift in Sources */,
				3978E0EE21C972BF0067E108 /* CalculateViewController.swift in Sources */,
				3983BC2B21C18CEE007279D2 /* AppDelegate.swift in Sources */,
			);
			runOnlyForDeploymentPostprocessing = 0;
		};
		3983BC3721C18CEF007279D2 /* Sources */ = {
			isa = PBXSourcesBuildPhase;
			buildActionMask = 2147483647;
			files = (
				3983BC4021C18CEF007279D2 /* Final1Tests.swift in Sources */,
			);
			runOnlyForDeploymentPostprocessing = 0;
		};
		3983BC4221C18CEF007279D2 /* Sources */ = {
			isa = PBXSourcesBuildPhase;
			buildActionMask = 2147483647;
			files = (
				3983BC4B21C18CEF007279D2 /* Final1UITests.swift in Sources */,
			);
			runOnlyForDeploymentPostprocessing = 0;
		};
/* End PBXSourcesBuildPhase section */

/* Begin PBXTargetDependency section */
		3983BC3D21C18CEF007279D2 /* PBXTargetDependency */ = {
			isa = PBXTargetDependency;
			target = 3983BC2621C18CEE007279D2 /* Final1 */;
			targetProxy = 3983BC3C21C18CEF007279D2 /* PBXContainerItemProxy */;
		};
		3983BC4821C18CEF007279D2 /* PBXTargetDependency */ = {
			isa = PBXTargetDependency;
			target = 3983BC2621C18CEE007279D2 /* Final1 */;
			targetProxy = 3983BC4721C18CEF007279D2 /* PBXContainerItemProxy */;
		};
/* End PBXTargetDependency section */

/* Begin PBXVariantGroup section */
		3983BC2E21C18CEE007279D2 /* Main.storyboard */ = {
			isa = PBXVariantGroup;
			children = (
				3983BC2F21C18CEE007279D2 /* Base */,
			);
			name = Main.storyboard;
			sourceTree = "<group>";
		};
		3983BC3321C18CEF007279D2 /* LaunchScreen.storyboard */ = {
			isa = PBXVariantGroup;
			children = (
				3983BC3421C18CEF007279D2 /* Base */,
			);
			name = LaunchScreen.storyboard;
			sourceTree = "<group>";
		};
/* End PBXVariantGroup section */

/* Begin XCBuildConfiguration section */
		3983BC4D21C18CEF007279D2 /* Debug */ = {
			isa = XCBuildConfiguration;
			buildSettings = {
				ALWAYS_SEARCH_USER_PATHS = NO;
				CLANG_ANALYZER_NONNULL = YES;
				CLANG_ANALYZER_NUMBER_OBJECT_CONVERSION = YES_AGGRESSIVE;
				CLANG_CXX_LANGUAGE_STANDARD = "gnu++14";
				CLANG_CXX_LIBRARY = "libc++";
				CLANG_ENABLE_MODULES = YES;
				CLANG_ENABLE_OBJC_ARC = YES;
				CLANG_ENABLE_OBJC_WEAK = YES;
				CLANG_WARN_BLOCK_CAPTURE_AUTORELEASING = YES;
				CLANG_WARN_BOOL_CONVERSION = YES;
				CLANG_WARN_COMMA = YES;
				CLANG_WARN_CONSTANT_CONVERSION = YES;
				CLANG_WARN_DEPRECATED_OBJC_IMPLEMENTATIONS = YES;
				CLANG_WARN_DIRECT_OBJC_ISA_USAGE = YES_ERROR;
				CLANG_WARN_DOCUMENTATION_COMMENTS = YES;
				CLANG_WARN_EMPTY_BODY = YES;
				CLANG_WARN_ENUM_CONVERSION = YES;
				CLANG_WARN_INFINITE_RECURSION = YES;
				CLANG_WARN_INT_CONVERSION = YES;
				CLANG_WARN_NON_LITERAL_NULL_CONVERSION = YES;
				CLANG_WARN_OBJC_IMPLICIT_RETAIN_SELF = YES;
				CLANG_WARN_OBJC_LITERAL_CONVERSION = YES;
				CLANG_WARN_OBJC_ROOT_CLASS = YES_ERROR;
				CLANG_WARN_RANGE_LOOP_ANALYSIS = YES;
				CLANG_WARN_STRICT_PROTOTYPES = YES;
				CLANG_WARN_SUSPICIOUS_MOVE = YES;
				CLANG_WARN_UNGUARDED_AVAILABILITY = YES_AGGRESSIVE;
				CLANG_WARN_UNREACHABLE_CODE = YES;
				CLANG_WARN__DUPLICATE_METHOD_MATCH = YES;
				CODE_SIGN_IDENTITY = "iPhone Developer";
				COPY_PHASE_STRIP = NO;
				DEBUG_INFORMATION_FORMAT = dwarf;
				ENABLE_STRICT_OBJC_MSGSEND = YES;
				ENABLE_TESTABILITY = YES;
				GCC_C_LANGUAGE_STANDARD = gnu11;
				GCC_DYNAMIC_NO_PIC = NO;
				GCC_NO_COMMON_BLOCKS = YES;
				GCC_OPTIMIZATION_LEVEL = 0;
				GCC_PREPROCESSOR_DEFINITIONS = (
					"DEBUG=1",
					"$(inherited)",
				);
				GCC_WARN_64_TO_32_BIT_CONVERSION = YES;
				GCC_WARN_ABOUT_RETURN_TYPE = YES_ERROR;
				GCC_WARN_UNDECLARED_SELECTOR = YES;
				GCC_WARN_UNINITIALIZED_AUTOS = YES_AGGRESSIVE;
				GCC_WARN_UNUSED_FUNCTION = YES;
				GCC_WARN_UNUSED_VARIABLE = YES;
				IPHONEOS_DEPLOYMENT_TARGET = 12.1;
				MTL_ENABLE_DEBUG_INFO = INCLUDE_SOURCE;
				MTL_FAST_MATH = YES;
				ONLY_ACTIVE_ARCH = YES;
				SDKROOT = iphoneos;
				SWIFT_ACTIVE_COMPILATION_CONDITIONS = DEBUG;
				SWIFT_OPTIMIZATION_LEVEL = "-Onone";
			};
			name = Debug;
		};
		3983BC4E21C18CEF007279D2 /* Release */ = {
			isa = XCBuildConfiguration;
			buildSettings = {
				ALWAYS_SEARCH_USER_PATHS = NO;
				CLANG_ANALYZER_NONNULL = YES;
				CLANG_ANALYZER_NUMBER_OBJECT_CONVERSION = YES_AGGRESSIVE;
				CLANG_CXX_LANGUAGE_STANDARD = "gnu++14";
				CLANG_CXX_LIBRARY = "libc++";
				CLANG_ENABLE_MODULES = YES;
				CLANG_ENABLE_OBJC_ARC = YES;
				CLANG_ENABLE_OBJC_WEAK = YES;
				CLANG_WARN_BLOCK_CAPTURE_AUTORELEASING = YES;
				CLANG_WARN_BOOL_CONVERSION = YES;
				CLANG_WARN_COMMA = YES;
				CLANG_WARN_CONSTANT_CONVERSION = YES;
				CLANG_WARN_DEPRECATED_OBJC_IMPLEMENTATIONS = YES;
				CLANG_WARN_DIRECT_OBJC_ISA_USAGE = YES_ERROR;
				CLANG_WARN_DOCUMENTATION_COMMENTS = YES;
				CLANG_WARN_EMPTY_BODY = YES;
				CLANG_WARN_ENUM_CONVERSION = YES;
				CLANG_WARN_INFINITE_RECURSION = YES;
				CLANG_WARN_INT_CONVERSION = YES;
				CLANG_WARN_NON_LITERAL_NULL_CONVERSION = YES;
				CLANG_WARN_OBJC_IMPLICIT_RETAIN_SELF = YES;
				CLANG_WARN_OBJC_LITERAL_CONVERSION = YES;
				CLANG_WARN_OBJC_ROOT_CLASS = YES_ERROR;
				CLANG_WARN_RANGE_LOOP_ANALYSIS = YES;
				CLANG_WARN_STRICT_PROTOTYPES = YES;
				CLANG_WARN_SUSPICIOUS_MOVE = YES;
				CLANG_WARN_UNGUARDED_AVAILABILITY = YES_AGGRESSIVE;
				CLANG_WARN_UNREACHABLE_CODE = YES;
				CLANG_WARN__DUPLICATE_METHOD_MATCH = YES;
				CODE_SIGN_IDENTITY = "iPhone Developer";
				COPY_PHASE_STRIP = NO;
				DEBUG_INFORMATION_FORMAT = "dwarf-with-dsym";
				ENABLE_NS_ASSERTIONS = NO;
				ENABLE_STRICT_OBJC_MSGSEND = YES;
				GCC_C_LANGUAGE_STANDARD = gnu11;
				GCC_NO_COMMON_BLOCKS = YES;
				GCC_WARN_64_TO_32_BIT_CONVERSION = YES;
				GCC_WARN_ABOUT_RETURN_TYPE = YES_ERROR;
				GCC_WARN_UNDECLARED_SELECTOR = YES;
				GCC_WARN_UNINITIALIZED_AUTOS = YES_AGGRESSIVE;
				GCC_WARN_UNUSED_FUNCTION = YES;
				GCC_WARN_UNUSED_VARIABLE = YES;
				IPHONEOS_DEPLOYMENT_TARGET = 12.1;
				MTL_ENABLE_DEBUG_INFO = NO;
				MTL_FAST_MATH = YES;
				SDKROOT = iphoneos;
				SWIFT_COMPILATION_MODE = wholemodule;
				SWIFT_OPTIMIZATION_LEVEL = "-O";
				VALIDATE_PRODUCT = YES;
			};
			name = Release;
		};
		3983BC5021C18CEF007279D2 /* Debug */ = {
			isa = XCBuildConfiguration;
			buildSettings = {
				ASSETCATALOG_COMPILER_APPICON_NAME = AppIcon;
				CODE_SIGN_STYLE = Automatic;
				DEVELOPMENT_TEAM = A657FM4K6R;
				INFOPLIST_FILE = Final1/Info.plist;
				LD_RUNPATH_SEARCH_PATHS = (
					"$(inherited)",
					"@executable_path/Frameworks",
				);
				PRODUCT_BUNDLE_IDENTIFIER = me.abhinavpappu.Final1;
				PRODUCT_NAME = "$(TARGET_NAME)";
				SWIFT_VERSION = 4.2;
				TARGETED_DEVICE_FAMILY = "1,2";
			};
			name = Debug;
		};
		3983BC5121C18CEF007279D2 /* Release */ = {
			isa = XCBuildConfiguration;
			buildSettings = {
				ASSETCATALOG_COMPILER_APPICON_NAME = AppIcon;
				CODE_SIGN_STYLE = Automatic;
				DEVELOPMENT_TEAM = A657FM4K6R;
				INFOPLIST_FILE = Final1/Info.plist;
				LD_RUNPATH_SEARCH_PATHS = (
					"$(inherited)",
					"@executable_path/Frameworks",
				);
				PRODUCT_BUNDLE_IDENTIFIER = me.abhinavpappu.Final1;
				PRODUCT_NAME = "$(TARGET_NAME)";
				SWIFT_VERSION = 4.2;
				TARGETED_DEVICE_FAMILY = "1,2";
			};
			name = Release;
		};
		3983BC5321C18CEF007279D2 /* Debug */ = {
			isa = XCBuildConfiguration;
			buildSettings = {
				ALWAYS_EMBED_SWIFT_STANDARD_LIBRARIES = YES;
				BUNDLE_LOADER = "$(TEST_HOST)";
				CODE_SIGN_STYLE = Automatic;
				DEVELOPMENT_TEAM = A657FM4K6R;
				INFOPLIST_FILE = Final1Tests/Info.plist;
				LD_RUNPATH_SEARCH_PATHS = (
					"$(inherited)",
					"@executable_path/Frameworks",
					"@loader_path/Frameworks",
				);
				PRODUCT_BUNDLE_IDENTIFIER = me.abhinavpappu.Final1Tests;
				PRODUCT_NAME = "$(TARGET_NAME)";
				SWIFT_VERSION = 4.2;
				TARGETED_DEVICE_FAMILY = "1,2";
				TEST_HOST = "$(BUILT_PRODUCTS_DIR)/Final1.app/Final1";
			};
			name = Debug;
		};
		3983BC5421C18CEF007279D2 /* Release */ = {
			isa = XCBuildConfiguration;
			buildSettings = {
				ALWAYS_EMBED_SWIFT_STANDARD_LIBRARIES = YES;
				BUNDLE_LOADER = "$(TEST_HOST)";
				CODE_SIGN_STYLE = Automatic;
				DEVELOPMENT_TEAM = A657FM4K6R;
				INFOPLIST_FILE = Final1Tests/Info.plist;
				LD_RUNPATH_SEARCH_PATHS = (
					"$(inherited)",
					"@executable_path/Frameworks",
					"@loader_path/Frameworks",
				);
				PRODUCT_BUNDLE_IDENTIFIER = me.abhinavpappu.Final1Tests;
				PRODUCT_NAME = "$(TARGET_NAME)";
				SWIFT_VERSION = 4.2;
				TARGETED_DEVICE_FAMILY = "1,2";
				TEST_HOST = "$(BUILT_PRODUCTS_DIR)/Final1.app/Final1";
			};
			name = Release;
		};
		3983BC5621C18CEF007279D2 /* Debug */ = {
			isa = XCBuildConfiguration;
			buildSettings = {
				ALWAYS_EMBED_SWIFT_STANDARD_LIBRARIES = YES;
				CODE_SIGN_STYLE = Automatic;
				DEVELOPMENT_TEAM = A657FM4K6R;
				INFOPLIST_FILE = Final1UITests/Info.plist;
				LD_RUNPATH_SEARCH_PATHS = (
					"$(inherited)",
					"@executable_path/Frameworks",
					"@loader_path/Frameworks",
				);
				PRODUCT_BUNDLE_IDENTIFIER = me.abhinavpappu.Final1UITests;
				PRODUCT_NAME = "$(TARGET_NAME)";
				SWIFT_VERSION = 4.2;
				TARGETED_DEVICE_FAMILY = "1,2";
				TEST_TARGET_NAME = Final1;
			};
			name = Debug;
		};
		3983BC5721C18CEF007279D2 /* Release */ = {
			isa = XCBuildConfiguration;
			buildSettings = {
				ALWAYS_EMBED_SWIFT_STANDARD_LIBRARIES = YES;
				CODE_SIGN_STYLE = Automatic;
				DEVELOPMENT_TEAM = A657FM4K6R;
				INFOPLIST_FILE = Final1UITests/Info.plist;
				LD_RUNPATH_SEARCH_PATHS = (
					"$(inherited)",
					"@executable_path/Frameworks",
					"@loader_path/Frameworks",
				);
				PRODUCT_BUNDLE_IDENTIFIER = me.abhinavpappu.Final1UITests;
				PRODUCT_NAME = "$(TARGET_NAME)";
				SWIFT_VERSION = 4.2;
				TARGETED_DEVICE_FAMILY = "1,2";
				TEST_TARGET_NAME = Final1;
			};
			name = Release;
		};
/* End XCBuildConfiguration section */

/* Begin XCConfigurationList section */
		3983BC2221C18CEE007279D2 /* Build configuration list for PBXProject "Final1" */ = {
			isa = XCConfigurationList;
			buildConfigurations = (
				3983BC4D21C18CEF007279D2 /* Debug */,
				3983BC4E21C18CEF007279D2 /* Release */,
			);
			defaultConfigurationIsVisible = 0;
			defaultConfigurationName = Release;
		};
		3983BC4F21C18CEF007279D2 /* Build configuration list for PBXNativeTarget "Final1" */ = {
			isa = XCConfigurationList;
			buildConfigurations = (
				3983BC5021C18CEF007279D2 /* Debug */,
				3983BC5121C18CEF007279D2 /* Release */,
			);
			defaultConfigurationIsVisible = 0;
			defaultConfigurationName = Release;
		};
		3983BC5221C18CEF007279D2 /* Build configuration list for PBXNativeTarget "Final1Tests" */ = {
			isa = XCConfigurationList;
			buildConfigurations = (
				3983BC5321C18CEF007279D2 /* Debug */,
				3983BC5421C18CEF007279D2 /* Release */,
			);
			defaultConfigurationIsVisible = 0;
			defaultConfigurationName = Release;
		};
		3983BC5521C18CEF007279D2 /* Build configuration list for PBXNativeTarget "Final1UITests" */ = {
			isa = XCConfigurationList;
			buildConfigurations = (
				3983BC5621C18CEF007279D2 /* Debug */,
				3983BC5721C18CEF007279D2 /* Release */,
			);
			defaultConfigurationIsVisible = 0;
			defaultConfigurationName = Release;
		};
/* End XCConfigurationList section */
	};
	rootObject = 3983BC1F21C18CEE007279D2 /* Project object */;
}
